
Microsoft Visual Studio Solution File, Format Version 12.00
Project("{FAE04EC0-301F-11D3-BF4B-00C04F79EFBC}") = "WebApp", "WebApp\WebApp.csproj", "{FE649CDB-CCB5-4B1D-B457-0CF70AAC9718}"
EndProject
Project("{FAE04EC0-301F-11D3-BF4B-00C04F79EFBC}") = "App.Domain", "App.Domain\App.Domain.csproj", "{684CCC8F-E62A-43A1-8E1E-3C40C2A33855}"
EndProject
Project("{FAE04EC0-301F-11D3-BF4B-00C04F79EFBC}") = "Base.Domain", "Base.Domain\Base.Domain.csproj", "{9391C3AE-D3E8-42DD-B727-75F1325693E1}"
EndProject
Project("{2150E333-8FDC-42A3-9474-1A3956D46DE8}") = "1_App", "1_App", "{CAA8CD28-08DB-42F3-9E22-847CD3299A17}"
EndProject
Project("{2150E333-8FDC-42A3-9474-1A3956D46DE8}") = "2_Base", "2_Base", "{7AC811FD-E44D-401E-9F6B-1E37F44A7604}"
EndProject
Project("{2150E333-8FDC-42A3-9474-1A3956D46DE8}") = "0_Solution_Items", "0_Solution_Items", "{1525A456-414A-4963-BA9D-C9FF96BBBC3F}"
	ProjectSection(SolutionItems) = preProject
		README.md = README.md
		docker-compose.yml = docker-compose.yml
		Directory.Build.props = Directory.Build.props
		.gitignore = .gitignore
	EndProjectSection
EndProject
Project("{FAE04EC0-301F-11D3-BF4B-00C04F79EFBC}") = "Base.Contracts.Domain", "Base.Contracts.Domain\Base.Contracts.Domain.csproj", "{39FAE350-A60F-4F17-A5BD-EB461046B15D}"
EndProject
Project("{FAE04EC0-301F-11D3-BF4B-00C04F79EFBC}") = "App.DAL.EF", "App.DAL.EF\App.DAL.EF.csproj", "{F8E00667-5318-4A16-9765-7B4908F5F964}"
EndProject
Project("{FAE04EC0-301F-11D3-BF4B-00C04F79EFBC}") = "Base.Contracts.DAL", "Base.Contracts.DAL\Base.Contracts.DAL.csproj", "{BCA70960-D47F-4D25-81B1-BCADD471B04D}"
EndProject
Project("{FAE04EC0-301F-11D3-BF4B-00C04F79EFBC}") = "Base.DAL.EF", "Base.DAL.EF\Base.DAL.EF.csproj", "{A6BD85FF-AC62-4AE5-BBC6-3519B3F479E6}"
EndProject
Project("{FAE04EC0-301F-11D3-BF4B-00C04F79EFBC}") = "App.Contracts.DAL", "App.Contracts.DAL\App.Contracts.DAL.csproj", "{590776B0-AF07-41C1-8687-D4BA302FBF8F}"
EndProject
Project("{FAE04EC0-301F-11D3-BF4B-00C04F79EFBC}") = "Helpers", "Helpers\Helpers.csproj", "{0A4015DF-77D9-4568-9689-5A7853B59BD6}"
EndProject
Project("{FAE04EC0-301F-11D3-BF4B-00C04F79EFBC}") = "Base.Resources", "Base.Resources\Base.Resources.csproj", "{E51AAF9E-3F2B-43D8-B8D1-FB9A4555DD93}"
EndProject
Project("{FAE04EC0-301F-11D3-BF4B-00C04F79EFBC}") = "App.Resources", "App.Resources\App.Resources.csproj", "{F48CA64B-AF05-4651-B6D8-204C5D869BA1}"
EndProject
Project("{FAE04EC0-301F-11D3-BF4B-00C04F79EFBC}") = "App.DAL.DTO", "App.DAL.DTO\App.DAL.DTO.csproj", "{96489E11-4689-4DC4-B983-F358B8D496C3}"
EndProject
Project("{FAE04EC0-301F-11D3-BF4B-00C04F79EFBC}") = "Base.Contracts.BLL", "Base.Contracts.BLL\Base.Contracts.BLL.csproj", "{4DB4F430-9036-4A86-9BDA-16126FEE991B}"
EndProject
Project("{FAE04EC0-301F-11D3-BF4B-00C04F79EFBC}") = "Base.BLL", "Base.BLL\Base.BLL.csproj", "{33C6392A-4879-46F5-BF08-DC07061531E4}"
EndProject
Project("{FAE04EC0-301F-11D3-BF4B-00C04F79EFBC}") = "App.BLL.DTO", "App.BLL.DTO\App.BLL.DTO.csproj", "{B540739D-D10A-44E7-AB2C-0ED9D120AE37}"
EndProject
Project("{FAE04EC0-301F-11D3-BF4B-00C04F79EFBC}") = "App.Contracts.BLL", "App.Contracts.BLL\App.Contracts.BLL.csproj", "{6F6EA31E-EBCE-4DDC-B3EE-DAE3488C1FDC}"
EndProject
Project("{FAE04EC0-301F-11D3-BF4B-00C04F79EFBC}") = "App.BLL", "App.BLL\App.BLL.csproj", "{EB620B38-00D4-4F26-9DB0-65662B8B5ACE}"
EndProject
Project("{FAE04EC0-301F-11D3-BF4B-00C04F79EFBC}") = "App.DTO", "App.DTO\App.DTO.csproj", "{BD3533E0-1E16-4EAF-8F95-CB02BF78A08C}"
EndProject
Project("{FAE04EC0-301F-11D3-BF4B-00C04F79EFBC}") = "Base.Test", "Base.Test\Base.Test.csproj", "{66CD04D9-7286-4660-9651-3014A8863514}"
EndProject
Project("{FAE04EC0-301F-11D3-BF4B-00C04F79EFBC}") = "App.Test", "App.Test\App.Test.csproj", "{83CBF09C-FBB5-4E28-9206-26C414DDC613}"
EndProject
Global
	GlobalSection(SolutionConfigurationPlatforms) = preSolution
		Debug|Any CPU = Debug|Any CPU
		Release|Any CPU = Release|Any CPU
	EndGlobalSection
	GlobalSection(ProjectConfigurationPlatforms) = postSolution
		{FE649CDB-CCB5-4B1D-B457-0CF70AAC9718}.Debug|Any CPU.ActiveCfg = Debug|Any CPU
		{FE649CDB-CCB5-4B1D-B457-0CF70AAC9718}.Debug|Any CPU.Build.0 = Debug|Any CPU
		{FE649CDB-CCB5-4B1D-B457-0CF70AAC9718}.Release|Any CPU.ActiveCfg = Release|Any CPU
		{FE649CDB-CCB5-4B1D-B457-0CF70AAC9718}.Release|Any CPU.Build.0 = Release|Any CPU
		{684CCC8F-E62A-43A1-8E1E-3C40C2A33855}.Debug|Any CPU.ActiveCfg = Debug|Any CPU
		{684CCC8F-E62A-43A1-8E1E-3C40C2A33855}.Debug|Any CPU.Build.0 = Debug|Any CPU
		{684CCC8F-E62A-43A1-8E1E-3C40C2A33855}.Release|Any CPU.ActiveCfg = Release|Any CPU
		{684CCC8F-E62A-43A1-8E1E-3C40C2A33855}.Release|Any CPU.Build.0 = Release|Any CPU
		{9391C3AE-D3E8-42DD-B727-75F1325693E1}.Debug|Any CPU.ActiveCfg = Debug|Any CPU
		{9391C3AE-D3E8-42DD-B727-75F1325693E1}.Debug|Any CPU.Build.0 = Debug|Any CPU
		{9391C3AE-D3E8-42DD-B727-75F1325693E1}.Release|Any CPU.ActiveCfg = Release|Any CPU
		{9391C3AE-D3E8-42DD-B727-75F1325693E1}.Release|Any CPU.Build.0 = Release|Any CPU
		{39FAE350-A60F-4F17-A5BD-EB461046B15D}.Debug|Any CPU.ActiveCfg = Debug|Any CPU
		{39FAE350-A60F-4F17-A5BD-EB461046B15D}.Debug|Any CPU.Build.0 = Debug|Any CPU
		{39FAE350-A60F-4F17-A5BD-EB461046B15D}.Release|Any CPU.ActiveCfg = Release|Any CPU
		{39FAE350-A60F-4F17-A5BD-EB461046B15D}.Release|Any CPU.Build.0 = Release|Any CPU
		{F8E00667-5318-4A16-9765-7B4908F5F964}.Debug|Any CPU.ActiveCfg = Debug|Any CPU
		{F8E00667-5318-4A16-9765-7B4908F5F964}.Debug|Any CPU.Build.0 = Debug|Any CPU
		{F8E00667-5318-4A16-9765-7B4908F5F964}.Release|Any CPU.ActiveCfg = Release|Any CPU
		{F8E00667-5318-4A16-9765-7B4908F5F964}.Release|Any CPU.Build.0 = Release|Any CPU
		{BCA70960-D47F-4D25-81B1-BCADD471B04D}.Debug|Any CPU.ActiveCfg = Debug|Any CPU
		{BCA70960-D47F-4D25-81B1-BCADD471B04D}.Debug|Any CPU.Build.0 = Debug|Any CPU
		{BCA70960-D47F-4D25-81B1-BCADD471B04D}.Release|Any CPU.ActiveCfg = Release|Any CPU
		{BCA70960-D47F-4D25-81B1-BCADD471B04D}.Release|Any CPU.Build.0 = Release|Any CPU
		{A6BD85FF-AC62-4AE5-BBC6-3519B3F479E6}.Debug|Any CPU.ActiveCfg = Debug|Any CPU
		{A6BD85FF-AC62-4AE5-BBC6-3519B3F479E6}.Debug|Any CPU.Build.0 = Debug|Any CPU
		{A6BD85FF-AC62-4AE5-BBC6-3519B3F479E6}.Release|Any CPU.ActiveCfg = Release|Any CPU
		{A6BD85FF-AC62-4AE5-BBC6-3519B3F479E6}.Release|Any CPU.Build.0 = Release|Any CPU
		{590776B0-AF07-41C1-8687-D4BA302FBF8F}.Debug|Any CPU.ActiveCfg = Debug|Any CPU
		{590776B0-AF07-41C1-8687-D4BA302FBF8F}.Debug|Any CPU.Build.0 = Debug|Any CPU
		{590776B0-AF07-41C1-8687-D4BA302FBF8F}.Release|Any CPU.ActiveCfg = Release|Any CPU
		{590776B0-AF07-41C1-8687-D4BA302FBF8F}.Release|Any CPU.Build.0 = Release|Any CPU
		{0A4015DF-77D9-4568-9689-5A7853B59BD6}.Debug|Any CPU.ActiveCfg = Debug|Any CPU
		{0A4015DF-77D9-4568-9689-5A7853B59BD6}.Debug|Any CPU.Build.0 = Debug|Any CPU
		{0A4015DF-77D9-4568-9689-5A7853B59BD6}.Release|Any CPU.ActiveCfg = Release|Any CPU
		{0A4015DF-77D9-4568-9689-5A7853B59BD6}.Release|Any CPU.Build.0 = Release|Any CPU
		{E51AAF9E-3F2B-43D8-B8D1-FB9A4555DD93}.Debug|Any CPU.ActiveCfg = Debug|Any CPU
		{E51AAF9E-3F2B-43D8-B8D1-FB9A4555DD93}.Debug|Any CPU.Build.0 = Debug|Any CPU
		{E51AAF9E-3F2B-43D8-B8D1-FB9A4555DD93}.Release|Any CPU.ActiveCfg = Release|Any CPU
		{E51AAF9E-3F2B-43D8-B8D1-FB9A4555DD93}.Release|Any CPU.Build.0 = Release|Any CPU
		{F48CA64B-AF05-4651-B6D8-204C5D869BA1}.Debug|Any CPU.ActiveCfg = Debug|Any CPU
		{F48CA64B-AF05-4651-B6D8-204C5D869BA1}.Debug|Any CPU.Build.0 = Debug|Any CPU
		{F48CA64B-AF05-4651-B6D8-204C5D869BA1}.Release|Any CPU.ActiveCfg = Release|Any CPU
		{F48CA64B-AF05-4651-B6D8-204C5D869BA1}.Release|Any CPU.Build.0 = Release|Any CPU
		{96489E11-4689-4DC4-B983-F358B8D496C3}.Debug|Any CPU.ActiveCfg = Debug|Any CPU
		{96489E11-4689-4DC4-B983-F358B8D496C3}.Debug|Any CPU.Build.0 = Debug|Any CPU
		{96489E11-4689-4DC4-B983-F358B8D496C3}.Release|Any CPU.ActiveCfg = Release|Any CPU
		{96489E11-4689-4DC4-B983-F358B8D496C3}.Release|Any CPU.Build.0 = Release|Any CPU
		{4DB4F430-9036-4A86-9BDA-16126FEE991B}.Debug|Any CPU.ActiveCfg = Debug|Any CPU
		{4DB4F430-9036-4A86-9BDA-16126FEE991B}.Debug|Any CPU.Build.0 = Debug|Any CPU
		{4DB4F430-9036-4A86-9BDA-16126FEE991B}.Release|Any CPU.ActiveCfg = Release|Any CPU
		{4DB4F430-9036-4A86-9BDA-16126FEE991B}.Release|Any CPU.Build.0 = Release|Any CPU
		{33C6392A-4879-46F5-BF08-DC07061531E4}.Debug|Any CPU.ActiveCfg = Debug|Any CPU
		{33C6392A-4879-46F5-BF08-DC07061531E4}.Debug|Any CPU.Build.0 = Debug|Any CPU
		{33C6392A-4879-46F5-BF08-DC07061531E4}.Release|Any CPU.ActiveCfg = Release|Any CPU
		{33C6392A-4879-46F5-BF08-DC07061531E4}.Release|Any CPU.Build.0 = Release|Any CPU
		{B540739D-D10A-44E7-AB2C-0ED9D120AE37}.Debug|Any CPU.ActiveCfg = Debug|Any CPU
		{B540739D-D10A-44E7-AB2C-0ED9D120AE37}.Debug|Any CPU.Build.0 = Debug|Any CPU
		{B540739D-D10A-44E7-AB2C-0ED9D120AE37}.Release|Any CPU.ActiveCfg = Release|Any CPU
		{B540739D-D10A-44E7-AB2C-0ED9D120AE37}.Release|Any CPU.Build.0 = Release|Any CPU
		{6F6EA31E-EBCE-4DDC-B3EE-DAE3488C1FDC}.Debug|Any CPU.ActiveCfg = Debug|Any CPU
		{6F6EA31E-EBCE-4DDC-B3EE-DAE3488C1FDC}.Debug|Any CPU.Build.0 = Debug|Any CPU
		{6F6EA31E-EBCE-4DDC-B3EE-DAE3488C1FDC}.Release|Any CPU.ActiveCfg = Release|Any CPU
		{6F6EA31E-EBCE-4DDC-B3EE-DAE3488C1FDC}.Release|Any CPU.Build.0 = Release|Any CPU
		{EB620B38-00D4-4F26-9DB0-65662B8B5ACE}.Debug|Any CPU.ActiveCfg = Debug|Any CPU
		{EB620B38-00D4-4F26-9DB0-65662B8B5ACE}.Debug|Any CPU.Build.0 = Debug|Any CPU
		{EB620B38-00D4-4F26-9DB0-65662B8B5ACE}.Release|Any CPU.ActiveCfg = Release|Any CPU
		{EB620B38-00D4-4F26-9DB0-65662B8B5ACE}.Release|Any CPU.Build.0 = Release|Any CPU
		{BD3533E0-1E16-4EAF-8F95-CB02BF78A08C}.Debug|Any CPU.ActiveCfg = Debug|Any CPU
		{BD3533E0-1E16-4EAF-8F95-CB02BF78A08C}.Debug|Any CPU.Build.0 = Debug|Any CPU
		{BD3533E0-1E16-4EAF-8F95-CB02BF78A08C}.Release|Any CPU.ActiveCfg = Release|Any CPU
		{BD3533E0-1E16-4EAF-8F95-CB02BF78A08C}.Release|Any CPU.Build.0 = Release|Any CPU
		{66CD04D9-7286-4660-9651-3014A8863514}.Debug|Any CPU.ActiveCfg = Debug|Any CPU
		{66CD04D9-7286-4660-9651-3014A8863514}.Debug|Any CPU.Build.0 = Debug|Any CPU
		{66CD04D9-7286-4660-9651-3014A8863514}.Release|Any CPU.ActiveCfg = Release|Any CPU
		{66CD04D9-7286-4660-9651-3014A8863514}.Release|Any CPU.Build.0 = Release|Any CPU
		{83CBF09C-FBB5-4E28-9206-26C414DDC613}.Debug|Any CPU.ActiveCfg = Debug|Any CPU
		{83CBF09C-FBB5-4E28-9206-26C414DDC613}.Debug|Any CPU.Build.0 = Debug|Any CPU
		{83CBF09C-FBB5-4E28-9206-26C414DDC613}.Release|Any CPU.ActiveCfg = Release|Any CPU
		{83CBF09C-FBB5-4E28-9206-26C414DDC613}.Release|Any CPU.Build.0 = Release|Any CPU
	EndGlobalSection
	GlobalSection(NestedProjects) = preSolution
		{684CCC8F-E62A-43A1-8E1E-3C40C2A33855} = {CAA8CD28-08DB-42F3-9E22-847CD3299A17}
		{9391C3AE-D3E8-42DD-B727-75F1325693E1} = {7AC811FD-E44D-401E-9F6B-1E37F44A7604}
		{FE649CDB-CCB5-4B1D-B457-0CF70AAC9718} = {CAA8CD28-08DB-42F3-9E22-847CD3299A17}
		{39FAE350-A60F-4F17-A5BD-EB461046B15D} = {7AC811FD-E44D-401E-9F6B-1E37F44A7604}
		{F8E00667-5318-4A16-9765-7B4908F5F964} = {CAA8CD28-08DB-42F3-9E22-847CD3299A17}
		{BCA70960-D47F-4D25-81B1-BCADD471B04D} = {7AC811FD-E44D-401E-9F6B-1E37F44A7604}
		{A6BD85FF-AC62-4AE5-BBC6-3519B3F479E6} = {7AC811FD-E44D-401E-9F6B-1E37F44A7604}
		{590776B0-AF07-41C1-8687-D4BA302FBF8F} = {CAA8CD28-08DB-42F3-9E22-847CD3299A17}
		{0A4015DF-77D9-4568-9689-5A7853B59BD6} = {7AC811FD-E44D-401E-9F6B-1E37F44A7604}
		{E51AAF9E-3F2B-43D8-B8D1-FB9A4555DD93} = {7AC811FD-E44D-401E-9F6B-1E37F44A7604}
		{F48CA64B-AF05-4651-B6D8-204C5D869BA1} = {CAA8CD28-08DB-42F3-9E22-847CD3299A17}
		{96489E11-4689-4DC4-B983-F358B8D496C3} = {CAA8CD28-08DB-42F3-9E22-847CD3299A17}
		{4DB4F430-9036-4A86-9BDA-16126FEE991B} = {7AC811FD-E44D-401E-9F6B-1E37F44A7604}
		{33C6392A-4879-46F5-BF08-DC07061531E4} = {7AC811FD-E44D-401E-9F6B-1E37F44A7604}
		{B540739D-D10A-44E7-AB2C-0ED9D120AE37} = {CAA8CD28-08DB-42F3-9E22-847CD3299A17}
		{6F6EA31E-EBCE-4DDC-B3EE-DAE3488C1FDC} = {CAA8CD28-08DB-42F3-9E22-847CD3299A17}
		{EB620B38-00D4-4F26-9DB0-65662B8B5ACE} = {CAA8CD28-08DB-42F3-9E22-847CD3299A17}
		{BD3533E0-1E16-4EAF-8F95-CB02BF78A08C} = {CAA8CD28-08DB-42F3-9E22-847CD3299A17}
		{66CD04D9-7286-4660-9651-3014A8863514} = {7AC811FD-E44D-401E-9F6B-1E37F44A7604}
		{83CBF09C-FBB5-4E28-9206-26C414DDC613} = {CAA8CD28-08DB-42F3-9E22-847CD3299A17}
	EndGlobalSection
EndGlobal
